core_version: 0.6.0
generated_at: '2026-08-08T21:42:46.973332Z'
modules:
  free/essentials/settings:
    version: 0.1.48
    tags:
    - config
    - settings
    - env
  free/essentials/logging:
    version: 0.1.17
    tags:
    - logging
    - observability
    - tracing
  free/essentials/deployment:
    version: 0.1.16
    tags:
    - essentials
    - deployment
    - devops
  free/essentials/middleware:
    version: 0.1.26
    tags:
    - essentials
    - middleware
    - http
  free/auth/core:
    version: 0.1.16
    tags:
    - auth
    - security
    - passwords
    - tokens
  free/database/db_postgres:
    version: 0.1.33
    tags:
    - database
    - postgresql
    - sqlalchemy
    - asyncpg
    - connection-pool
  free/security/security_headers:
    version: 0.1.9
    tags:
    - security
    - security-headers
  free/users/users_core:
    version: 0.1.15
    tags:
    - users
    - domain
    - application
  free/users/users_profiles:
    version: 0.1.15
    tags:
    - users
    - personalization
    - user_profiles
  free/cache/redis:
    version: 0.1.25
    tags:
    - cache
    - datastore
    - redis
  free/observability/core:
    version: 0.1.17
    tags:
    - observability
    - telemetry
    - metrics
    - tracing
    - logging
